
Microsoft Visual Studio Solution File, Format Version 12.00
# Visual Studio Version 16
VisualStudioVersion = 16.0.33214.272
MinimumVisualStudioVersion = 10.0.40219.1
Project("{FAE04EC0-301F-11D3-BF4B-00C04F79EFBC}") = "AtividadeGeral", "AtividadeGeral\AtividadeGeral.csproj", "{3EBA1B15-83E9-48EA-9546-ED49A07281FD}"
EndProject
Global
	GlobalSection(SolutionConfigurationPlatforms) = preSolution
		Debug|Any CPU = Debug|Any CPU
		Release|Any CPU = Release|Any CPU
	EndGlobalSection
	GlobalSection(ProjectConfigurationPlatforms) = postSolution
		{3EBA1B15-83E9-48EA-9546-ED49A07281FD}.Debug|Any CPU.ActiveCfg = Debug|Any CPU
		{3EBA1B15-83E9-48EA-9546-ED49A07281FD}.Debug|Any CPU.Build.0 = Debug|Any CPU
		{3EBA1B15-83E9-48EA-9546-ED49A07281FD}.Release|Any CPU.ActiveCfg = Release|Any CPU
		{3EBA1B15-83E9-48EA-9546-ED49A07281FD}.Release|Any CPU.Build.0 = Release|Any CPU
	EndGlobalSection
	GlobalSection(SolutionProperties) = preSolution
		HideSolutionNode = FALSE
	EndGlobalSection
	GlobalSection(ExtensibilityGlobals) = postSolution
		SolutionGuid = {C155BB35-8456-4916-ACCA-87478E70610A}
	EndGlobalSection
EndGlobal
